
Microsoft Visual Studio Solution File, Format Version 12.00
# Visual Studio Version 17
VisualStudioVersion = 17.6.33723.286
MinimumVisualStudioVersion = 10.0.40219.1
Project("{9A19103F-16F7-4668-BE54-9A1E7A4F7556}") = "OnionCrafter.Action.Base", "src\OnionCrafter.Action.Base\OnionCrafter.Action.Base.csproj", "{7CA86748-02E2-463D-956A-DFE3A1990C7E}"
EndProject
Global
	GlobalSection(SolutionConfigurationPlatforms) = preSolution
		Debug|Any CPU = Debug|Any CPU
		Release|Any CPU = Release|Any CPU
	EndGlobalSection
	GlobalSection(ProjectConfigurationPlatforms) = postSolution
		{7CA86748-02E2-463D-956A-DFE3A1990C7E}.Debug|Any CPU.ActiveCfg = Debug|Any CPU
		{7CA86748-02E2-463D-956A-DFE3A1990C7E}.Debug|Any CPU.Build.0 = Debug|Any CPU
		{7CA86748-02E2-463D-956A-DFE3A1990C7E}.Release|Any CPU.ActiveCfg = Release|Any CPU
		{7CA86748-02E2-463D-956A-DFE3A1990C7E}.Release|Any CPU.Build.0 = Release|Any CPU
	EndGlobalSection
	GlobalSection(SolutionProperties) = preSolution
		HideSolutionNode = FALSE
	EndGlobalSection
	GlobalSection(ExtensibilityGlobals) = postSolution
		SolutionGuid = {D71071CA-47EB-4CD0-9FC2-72BD33A6222F}
	EndGlobalSection
EndGlobal
